
Microsoft Visual Studio Solution File, Format Version 12.00
# Visual Studio Version 16
VisualStudioVersion = 16.0.30907.101
MinimumVisualStudioVersion = 10.0.40219.1
Project("{FAE04EC0-301F-11D3-BF4B-00C04F79EFBC}") = "SugiTool.DistinctData.WinForm", "DistinctData.WinForm\SugiTool.DistinctData.WinForm.csproj", "{2470BE0F-61B0-435D-8CD8-C64501730FE8}"
EndProject
Project("{FAE04EC0-301F-11D3-BF4B-00C04F79EFBC}") = "ComLib", "ComLib\ComLib.csproj", "{5E306A02-7B5D-4070-84AB-2A726620B74E}"
EndProject
Project("{FAE04EC0-301F-11D3-BF4B-00C04F79EFBC}") = "SugiTool.DistinctDataTest.Tests", "DistinctDataTest.Tests\SugiTool.DistinctDataTest.Tests.csproj", "{F7FDE908-4E4B-4B92-A143-787E793456EC}"
EndProject
Project("{FAE04EC0-301F-11D3-BF4B-00C04F79EFBC}") = "SugiTool.Domain", "SugiTool.Domain\SugiTool.Domain.csproj", "{DCFEBD1A-4FD7-450A-978C-E69C5C95B4D9}"
EndProject
Project("{FAE04EC0-301F-11D3-BF4B-00C04F79EFBC}") = "SugiTool.Infrastructure", "SugiTool.Infrastructure\SugiTool.Infrastructure.csproj", "{C206B0E8-3AB4-41BE-9EF0-280389F0AA42}"
EndProject
Global
	GlobalSection(SolutionConfigurationPlatforms) = preSolution
		Debug|Any CPU = Debug|Any CPU
		Release|Any CPU = Release|Any CPU
	EndGlobalSection
	GlobalSection(ProjectConfigurationPlatforms) = postSolution
		{2470BE0F-61B0-435D-8CD8-C64501730FE8}.Debug|Any CPU.ActiveCfg = Debug|Any CPU
		{2470BE0F-61B0-435D-8CD8-C64501730FE8}.Debug|Any CPU.Build.0 = Debug|Any CPU
		{2470BE0F-61B0-435D-8CD8-C64501730FE8}.Release|Any CPU.ActiveCfg = Release|Any CPU
		{2470BE0F-61B0-435D-8CD8-C64501730FE8}.Release|Any CPU.Build.0 = Release|Any CPU
		{5E306A02-7B5D-4070-84AB-2A726620B74E}.Debug|Any CPU.ActiveCfg = Debug|Any CPU
		{5E306A02-7B5D-4070-84AB-2A726620B74E}.Debug|Any CPU.Build.0 = Debug|Any CPU
		{5E306A02-7B5D-4070-84AB-2A726620B74E}.Release|Any CPU.ActiveCfg = Release|Any CPU
		{5E306A02-7B5D-4070-84AB-2A726620B74E}.Release|Any CPU.Build.0 = Release|Any CPU
		{F7FDE908-4E4B-4B92-A143-787E793456EC}.Debug|Any CPU.ActiveCfg = Debug|Any CPU
		{F7FDE908-4E4B-4B92-A143-787E793456EC}.Debug|Any CPU.Build.0 = Debug|Any CPU
		{F7FDE908-4E4B-4B92-A143-787E793456EC}.Release|Any CPU.ActiveCfg = Release|Any CPU
		{F7FDE908-4E4B-4B92-A143-787E793456EC}.Release|Any CPU.Build.0 = Release|Any CPU
		{DCFEBD1A-4FD7-450A-978C-E69C5C95B4D9}.Debug|Any CPU.ActiveCfg = Debug|Any CPU
		{DCFEBD1A-4FD7-450A-978C-E69C5C95B4D9}.Debug|Any CPU.Build.0 = Debug|Any CPU
		{DCFEBD1A-4FD7-450A-978C-E69C5C95B4D9}.Release|Any CPU.ActiveCfg = Release|Any CPU
		{DCFEBD1A-4FD7-450A-978C-E69C5C95B4D9}.Release|Any CPU.Build.0 = Release|Any CPU
		{C206B0E8-3AB4-41BE-9EF0-280389F0AA42}.Debug|Any CPU.ActiveCfg = Debug|Any CPU
		{C206B0E8-3AB4-41BE-9EF0-280389F0AA42}.Debug|Any CPU.Build.0 = Debug|Any CPU
		{C206B0E8-3AB4-41BE-9EF0-280389F0AA42}.Release|Any CPU.ActiveCfg = Release|Any CPU
		{C206B0E8-3AB4-41BE-9EF0-280389F0AA42}.Release|Any CPU.Build.0 = Release|Any CPU
	EndGlobalSection
	GlobalSection(SolutionProperties) = preSolution
		HideSolutionNode = FALSE
	EndGlobalSection
	GlobalSection(ExtensibilityGlobals) = postSolution
		SolutionGuid = {D3DF0B3B-38B7-4BD3-B47A-EDE429C0B181}
	EndGlobalSection
EndGlobal
